// !$*UTF8*$!
{
	archiveVersion = 1;
	classes = {
	};
	objectVersion = 56;
	objects = {

/* Begin PBXBuildFile section */
		3DF3EB0E29249B5300817A24 /* AppDelegate.swift in Sources */ = {isa = PBXBuildFile; fileRef = 3DF3EB0D29249B5300817A24 /* AppDelegate.swift */; };
		3DF3EB1029249B5300817A24 /* SceneDelegate.swift in Sources */ = {isa = PBXBuildFile; fileRef = 3DF3EB0F29249B5300817A24 /* SceneDelegate.swift */; };
		3DF3EB1229249B5300817A24 /* ViewController.swift in Sources */ = {isa = PBXBuildFile; fileRef = 3DF3EB1129249B5300817A24 /* ViewController.swift */; };
		3DF3EB1529249B5300817A24 /* Main.storyboard in Resources */ = {isa = PBXBuildFile; fileRef = 3DF3EB1329249B5300817A24 /* Main.storyboard */; };
		3DF3EB1729249B5400817A24 /* Assets.xcassets in Resources */ = {isa = PBXBuildFile; fileRef = 3DF3EB1629249B5400817A24 /* Assets.xcassets */; };
		3DF3EB1A29249B5400817A24 /* LaunchScreen.storyboard in Resources */ = {isa = PBXBuildFile; fileRef = 3DF3EB1829249B5400817A24 /* LaunchScreen.storyboard */; };
		3DF3EB222924A2CF00817A24 /* GoogleService-Info.plist in Resources */ = {isa = PBXBuildFile; fileRef = 3DF3EB212924A2CE00817A24 /* GoogleService-Info.plist */; };
		3DF3EB252924A40300817A24 /* FirebaseAnalytics in Frameworks */ = {isa = PBXBuildFile; productRef = 3DF3EB242924A40300817A24 /* FirebaseAnalytics */; };
		3DF3EB272924A40300817A24 /* FirebaseAuth in Frameworks */ = {isa = PBXBuildFile; productRef = 3DF3EB262924A40300817A24 /* FirebaseAuth */; };
		3DF3EB292924A40300817A24 /* FirebaseCrashlytics in Frameworks */ = {isa = PBXBuildFile; productRef = 3DF3EB282924A40300817A24 /* FirebaseCrashlytics */; };
/* End PBXBuildFile section */

/* Begin PBXFileReference section */
		3DF3EB0A29249B5300817A24 /* crashlyticsDemo.app */ = {isa = PBXFileReference; explicitFileType = wrapper.application; includeInIndex = 0; path = crashlyticsDemo.app; sourceTree = BUILT_PRODUCTS_DIR; };
		3DF3EB0D29249B5300817A24 /* AppDelegate.swift */ = {isa = PBXFileReference; lastKnownFileType = sourcecode.swift; path = AppDelegate.swift; sourceTree = "<group>"; };
		3DF3EB0F29249B5300817A24 /* SceneDelegate.swift */ = {isa = PBXFileReference; lastKnownFileType = sourcecode.swift; path = SceneDelegate.swift; sourceTree = "<group>"; };
		3DF3EB1129249B5300817A24 /* ViewController.swift */ = {isa = PBXFileReference; lastKnownFileType = sourcecode.swift; path = ViewController.swift; sourceTree = "<group>"; };
		3DF3EB1429249B5300817A24 /* Base */ = {isa = PBXFileReference; lastKnownFileType = file.storyboard; name = Base; path = Base.lproj/Main.storyboard; sourceTree = "<group>"; };
		3DF3EB1629249B5400817A24 /* Assets.xcassets */ = {isa = PBXFileReference; lastKnownFileType = folder.assetcatalog; path = Assets.xcassets; sourceTree = "<group>"; };
		3DF3EB1929249B5400817A24 /* Base */ = {isa = PBXFileReference; lastKnownFileType = file.storyboard; name = Base; path = Base.lproj/LaunchScreen.storyboard; sourceTree = "<group>"; };
		3DF3EB1B29249B5400817A24 /* Info.plist */ = {isa = PBXFileReference; lastKnownFileType = text.plist.xml; path = Info.plist; sourceTree = "<group>"; };
		3DF3EB212924A2CE00817A24 /* GoogleService-Info.plist */ = {isa = PBXFileReference; fileEncoding = 4; lastKnownFileType = text.plist.xml; path = "GoogleService-Info.plist"; sourceTree = "<group>"; };
/* End PBXFileReference section */

/* Begin PBXFrameworksBuildPhase section */
		3DF3EB0729249B5300817A24 /* Frameworks */ = {
			isa = PBXFrameworksBuildPhase;
			buildActionMask = 2147483647;
			files = (
				3DF3EB292924A40300817A24 /* FirebaseCrashlytics in Frameworks */,
				3DF3EB252924A40300817A24 /* FirebaseAnalytics in Frameworks */,
				3DF3EB272924A40300817A24 /* FirebaseAuth in Frameworks */,
			);
			runOnlyForDeploymentPostprocessing = 0;
		};
/* End PBXFrameworksBuildPhase section */

/* Begin PBXGroup section */
		3DF3EB0129249B5300817A24 = {
			isa = PBXGroup;
			children = (
				3DF3EB0C29249B5300817A24 /* crashlyticsDemo */,
				3DF3EB0B29249B5300817A24 /* Products */,
			);
			sourceTree = "<group>";
		};
		3DF3EB0B29249B5300817A24 /* Products */ = {
			isa = PBXGroup;
			children = (
				3DF3EB0A29249B5300817A24 /* crashlyticsDemo.app */,
			);
			name = Products;
			sourceTree = "<group>";
		};
		3DF3EB0C29249B5300817A24 /* crashlyticsDemo */ = {
			isa = PBXGroup;
			children = (
				3DF3EB212924A2CE00817A24 /* GoogleService-Info.plist */,
				3DF3EB0D29249B5300817A24 /* AppDelegate.swift */,
				3DF3EB0F29249B5300817A24 /* SceneDelegate.swift */,
				3DF3EB1129249B5300817A24 /* ViewController.swift */,
				3DF3EB1329249B5300817A24 /* Main.storyboard */,
				3DF3EB1629249B5400817A24 /* Assets.xcassets */,
				3DF3EB1829249B5400817A24 /* LaunchScreen.storyboard */,
				3DF3EB1B29249B5400817A24 /* Info.plist */,
			);
			path = crashlyticsDemo;
			sourceTree = "<group>";
		};
/* End PBXGroup section */

/* Begin PBXNativeTarget section */
		3DF3EB0929249B5300817A24 /* crashlyticsDemo */ = {
			isa = PBXNativeTarget;
			buildConfigurationList = 3DF3EB1E29249B5400817A24 /* Build configuration list for PBXNativeTarget "crashlyticsDemo" */;
			buildPhases = (
				3DF3EB0629249B5300817A24 /* Sources */,
				3DF3EB0729249B5300817A24 /* Frameworks */,
				3DF3EB0829249B5300817A24 /* Resources */,
				3DF3EB2A2924A87000817A24 /* ShellScript */,
			);
			buildRules = (
			);
			dependencies = (
			);
			name = crashlyticsDemo;
			packageProductDependencies = (
				3DF3EB242924A40300817A24 /* FirebaseAnalytics */,
				3DF3EB262924A40300817A24 /* FirebaseAuth */,
				3DF3EB282924A40300817A24 /* FirebaseCrashlytics */,
			);
			productName = crashlyticsDemo;
			productReference = 3DF3EB0A29249B5300817A24 /* crashlyticsDemo.app */;
			productType = "com.apple.product-type.application";
		};
/* End PBXNativeTarget section */

/* Begin PBXProject section */
		3DF3EB0229249B5300817A24 /* Project object */ = {
			isa = PBXProject;
			attributes = {
				BuildIndependentTargetsInParallel = 1;
				LastSwiftUpdateCheck = 1400;
				LastUpgradeCheck = 1400;
				TargetAttributes = {
					3DF3EB0929249B5300817A24 = {
						CreatedOnToolsVersion = 14.0.1;
					};
				};
			};
			buildConfigurationList = 3DF3EB0529249B5300817A24 /* Build configuration list for PBXProject "crashlyticsDemo" */;
			compatibilityVersion = "Xcode 14.0";
			developmentRegion = en;
			hasScannedForEncodings = 0;
			knownRegions = (
				en,
				Base,
			);
			mainGroup = 3DF3EB0129249B5300817A24;
			packageReferences = (
				3DF3EB232924A40300817A24 /* XCRemoteSwiftPackageReference "firebase-ios-sdk" */,
			);
			productRefGroup = 3DF3EB0B29249B5300817A24 /* Products */;
			projectDirPath = "";
			projectRoot = "";
			targets = (
				3DF3EB0929249B5300817A24 /* crashlyticsDemo */,
			);
		};
/* End PBXProject section */

/* Begin PBXResourcesBuildPhase section */
		3DF3EB0829249B5300817A24 /* Resources */ = {
			isa = PBXResourcesBuildPhase;
			buildActionMask = 2147483647;
			files = (
				3DF3EB1A29249B5400817A24 /* LaunchScreen.storyboard in Resources */,
				3DF3EB222924A2CF00817A24 /* GoogleService-Info.plist in Resources */,
				3DF3EB1729249B5400817A24 /* Assets.xcassets in Resources */,
				3DF3EB1529249B5300817A24 /* Main.storyboard in Resources */,
			);
			runOnlyForDeploymentPostprocessing = 0;
		};
/* End PBXResourcesBuildPhase section */

/* Begin PBXShellScriptBuildPhase section */
		3DF3EB2A2924A87000817A24 /* ShellScript */ = {
			isa = PBXShellScriptBuildPhase;
			buildActionMask = 2147483647;
			files = (
			);
			inputFileListPaths = (
			);
			inputPaths = (
				"${DWARF_DSYM_FOLDER_PATH}/${DWARF_DSYM_FILE_NAME}/Contents/Resources/DWARF/${TARGET_NAME}",
				"$(SRCROOT)/$(BUILT_PRODUCTS_DIR)/$(INFOPLIST_PATH)",
			);
			outputFileListPaths = (
			);
			outputPaths = (
			);
			runOnlyForDeploymentPostprocessing = 0;
			shellPath = /bin/sh;
			shellScript = "\"${BUILD_DIR%/Build/*}/SourcePackages/checkouts/firebase-ios-sdk/Crashlytics/run\"\n";
		};
/* End PBXShellScriptBuildPhase section */

/* Begin PBXSourcesBuildPhase section */
		3DF3EB0629249B5300817A24 /* Sources */ = {
			isa = PBXSourcesBuildPhase;
			buildActionMask = 2147483647;
			files = (
				3DF3EB1229249B5300817A24 /* ViewController.swift in Sources */,
				3DF3EB0E29249B5300817A24 /* AppDelegate.swift in Sources */,
				3DF3EB1029249B5300817A24 /* SceneDelegate.swift in Sources */,
			);
			runOnlyForDeploymentPostprocessing = 0;
		};
/* End PBXSourcesBuildPhase section */

/* Begin PBXVariantGroup section */
		3DF3EB1329249B5300817A24 /* Main.storyboard */ = {
			isa = PBXVariantGroup;
			children = (
				3DF3EB1429249B5300817A24 /* Base */,
			);
			name = Main.storyboard;
			sourceTree = "<group>";
		};
		3DF3EB1829249B5400817A24 /* LaunchScreen.storyboard */ = {
			isa = PBXVariantGroup;
			children = (
				3DF3EB1929249B5400817A24 /* Base */,
			);
			name = LaunchScreen.storyboard;
			sourceTree = "<group>";
		};
/* End PBXVariantGroup section */

/* Begin XCBuildConfiguration section */
		3DF3EB1C29249B5400817A24 /* Debug */ = {
			isa = XCBuildConfiguration;
			buildSettings = {
				ALWAYS_SEARCH_USER_PATHS = NO;
				CLANG_ANALYZER_NONNULL = YES;
				CLANG_ANALYZER_NUMBER_OBJECT_CONVERSION = YES_AGGRESSIVE;
				CLANG_CXX_LANGUAGE_STANDARD = "gnu++20";
				CLANG_ENABLE_MODULES = YES;
				CLANG_ENABLE_OBJC_ARC = YES;
				CLANG_ENABLE_OBJC_WEAK = YES;
				CLANG_WARN_BLOCK_CAPTURE_AUTORELEASING = YES;
				CLANG_WARN_BOOL_CONVERSION = YES;
				CLANG_WARN_COMMA = YES;
				CLANG_WARN_CONSTANT_CONVERSION = YES;
				CLANG_WARN_DEPRECATED_OBJC_IMPLEMENTATIONS = YES;
				CLANG_WARN_DIRECT_OBJC_ISA_USAGE = YES_ERROR;
				CLANG_WARN_DOCUMENTATION_COMMENTS = YES;
				CLANG_WARN_EMPTY_BODY = YES;
				CLANG_WARN_ENUM_CONVERSION = YES;
				CLANG_WARN_INFINITE_RECURSION = YES;
				CLANG_WARN_INT_CONVERSION = YES;
				CLANG_WARN_NON_LITERAL_NULL_CONVERSION = YES;
				CLANG_WARN_OBJC_IMPLICIT_RETAIN_SELF = YES;
				CLANG_WARN_OBJC_LITERAL_CONVERSION = YES;
				CLANG_WARN_OBJC_ROOT_CLASS = YES_ERROR;
				CLANG_WARN_QUOTED_INCLUDE_IN_FRAMEWORK_HEADER = YES;
				CLANG_WARN_RANGE_LOOP_ANALYSIS = YES;
				CLANG_WARN_STRICT_PROTOTYPES = YES;
				CLANG_WARN_SUSPICIOUS_MOVE = YES;
				CLANG_WARN_UNGUARDED_AVAILABILITY = YES_AGGRESSIVE;
				CLANG_WARN_UNREACHABLE_CODE = YES;
				CLANG_WARN__DUPLICATE_METHOD_MATCH = YES;
				COPY_PHASE_STRIP = NO;
				DEBUG_INFORMATION_FORMAT = dwarf;
				ENABLE_STRICT_OBJC_MSGSEND = YES;
				ENABLE_TESTABILITY = YES;
				GCC_C_LANGUAGE_STANDARD = gnu11;
				GCC_DYNAMIC_NO_PIC = NO;
				GCC_NO_COMMON_BLOCKS = YES;
				GCC_OPTIMIZATION_LEVEL = 0;
				GCC_PREPROCESSOR_DEFINITIONS = (
					"DEBUG=1",
					"$(inherited)",
				);
				GCC_WARN_64_TO_32_BIT_CONVERSION = YES;
				GCC_WARN_ABOUT_RETURN_TYPE = YES_ERROR;
				GCC_WARN_UNDECLARED_SELECTOR = YES;
				GCC_WARN_UNINITIALIZED_AUTOS = YES_AGGRESSIVE;
				GCC_WARN_UNUSED_FUNCTION = YES;
				GCC_WARN_UNUSED_VARIABLE = YES;
				IPHONEOS_DEPLOYMENT_TARGET = 16.0;
				MTL_ENABLE_DEBUG_INFO = INCLUDE_SOURCE;
				MTL_FAST_MATH = YES;
				ONLY_ACTIVE_ARCH = YES;
				SDKROOT = iphoneos;
				SWIFT_ACTIVE_COMPILATION_CONDITIONS = DEBUG;
				SWIFT_OPTIMIZATION_LEVEL = "-Onone";
			};
			name = Debug;
		};
		3DF3EB1D29249B5400817A24 /* Release */ = {
			isa = XCBuildConfiguration;
			buildSettings = {
				ALWAYS_SEARCH_USER_PATHS = NO;
				CLANG_ANALYZER_NONNULL = YES;
				CLANG_ANALYZER_NUMBER_OBJECT_CONVERSION = YES_AGGRESSIVE;
				CLANG_CXX_LANGUAGE_STANDARD = "gnu++20";
				CLANG_ENABLE_MODULES = YES;
				CLANG_ENABLE_OBJC_ARC = YES;
				CLANG_ENABLE_OBJC_WEAK = YES;
				CLANG_WARN_BLOCK_CAPTURE_AUTORELEASING = YES;
				CLANG_WARN_BOOL_CONVERSION = YES;
				CLANG_WARN_COMMA = YES;
				CLANG_WARN_CONSTANT_CONVERSION = YES;
				CLANG_WARN_DEPRECATED_OBJC_IMPLEMENTATIONS = YES;
				CLANG_WARN_DIRECT_OBJC_ISA_USAGE = YES_ERROR;
				CLANG_WARN_DOCUMENTATION_COMMENTS = YES;
				CLANG_WARN_EMPTY_BODY = YES;
				CLANG_WARN_ENUM_CONVERSION = YES;
				CLANG_WARN_INFINITE_RECURSION = YES;
				CLANG_WARN_INT_CONVERSION = YES;
				CLANG_WARN_NON_LITERAL_NULL_CONVERSION = YES;
				CLANG_WARN_OBJC_IMPLICIT_RETAIN_SELF = YES;
				CLANG_WARN_OBJC_LITERAL_CONVERSION = YES;
				CLANG_WARN_OBJC_ROOT_CLASS = YES_ERROR;
				CLANG_WARN_QUOTED_INCLUDE_IN_FRAMEWORK_HEADER = YES;
				CLANG_WARN_RANGE_LOOP_ANALYSIS = YES;
				CLANG_WARN_STRICT_PROTOTYPES = YES;
				CLANG_WARN_SUSPICIOUS_MOVE = YES;
				CLANG_WARN_UNGUARDED_AVAILABILITY = YES_AGGRESSIVE;
				CLANG_WARN_UNREACHABLE_CODE = YES;
				CLANG_WARN__DUPLICATE_METHOD_MATCH = YES;
				COPY_PHASE_STRIP = NO;
				DEBUG_INFORMATION_FORMAT = "dwarf-with-dsym";
				ENABLE_NS_ASSERTIONS = NO;
				ENABLE_STRICT_OBJC_MSGSEND = YES;
				GCC_C_LANGUAGE_STANDARD = gnu11;
				GCC_NO_COMMON_BLOCKS = YES;
				GCC_WARN_64_TO_32_BIT_CONVERSION = YES;
				GCC_WARN_ABOUT_RETURN_TYPE = YES_ERROR;
				GCC_WARN_UNDECLARED_SELECTOR = YES;
				GCC_WARN_UNINITIALIZED_AUTOS = YES_AGGRESSIVE;
				GCC_WARN_UNUSED_FUNCTION = YES;
				GCC_WARN_UNUSED_VARIABLE = YES;
				IPHONEOS_DEPLOYMENT_TARGET = 16.0;
				MTL_ENABLE_DEBUG_INFO = NO;
				MTL_FAST_MATH = YES;
				SDKROOT = iphoneos;
				SWIFT_COMPILATION_MODE = wholemodule;
				SWIFT_OPTIMIZATION_LEVEL = "-O";
				VALIDATE_PRODUCT = YES;
			};
			name = Release;
		};
		3DF3EB1F29249B5400817A24 /* Debug */ = {
			isa = XCBuildConfiguration;
			buildSettings = {
				ASSETCATALOG_COMPILER_APPICON_NAME = AppIcon;
				ASSETCATALOG_COMPILER_GLOBAL_ACCENT_COLOR_NAME = AccentColor;
				CODE_SIGN_STYLE = Automatic;
				CURRENT_PROJECT_VERSION = 1;
				DEBUG_INFORMATION_FORMAT = "dwarf-with-dsym";
				GENERATE_INFOPLIST_FILE = YES;
				INFOPLIST_FILE = crashlyticsDemo/Info.plist;
				INFOPLIST_KEY_UIApplicationSupportsIndirectInputEvents = YES;
				INFOPLIST_KEY_UILaunchStoryboardName = LaunchScreen;
				INFOPLIST_KEY_UIMainStoryboardFile = Main;
				INFOPLIST_KEY_UISupportedInterfaceOrientations_iPad = "UIInterfaceOrientationPortrait UIInterfaceOrientationPortraitUpsideDown UIInterfaceOrientationLandscapeLeft UIInterfaceOrientationLandscapeRight";
				INFOPLIST_KEY_UISupportedInterfaceOrientations_iPhone = "UIInterfaceOrientationPortrait UIInterfaceOrientationLandscapeLeft UIInterfaceOrientationLandscapeRight";
				LD_RUNPATH_SEARCH_PATHS = (
					"$(inherited)",
					"@executable_path/Frameworks",
				);
				MARKETING_VERSION = 1.0;
				PRODUCT_BUNDLE_IDENTIFIER = com.Marquez.crashlyticsDemo;
				PRODUCT_NAME = "$(TARGET_NAME)";
				SWIFT_EMIT_LOC_STRINGS = YES;
				SWIFT_VERSION = 5.0;
				TARGETED_DEVICE_FAMILY = "1,2";
			};
			name = Debug;
		};
		3DF3EB2029249B5400817A24 /* Release */ = {
			isa = XCBuildConfiguration;
			buildSettings = {
				ASSETCATALOG_COMPILER_APPICON_NAME = AppIcon;
				ASSETCATALOG_COMPILER_GLOBAL_ACCENT_COLOR_NAME = AccentColor;
				CODE_SIGN_STYLE = Automatic;
				CURRENT_PROJECT_VERSION = 1;
				GENERATE_INFOPLIST_FILE = YES;
				INFOPLIST_FILE = crashlyticsDemo/Info.plist;
				INFOPLIST_KEY_UIApplicationSupportsIndirectInputEvents = YES;
				INFOPLIST_KEY_UILaunchStoryboardName = LaunchScreen;
				INFOPLIST_KEY_UIMainStoryboardFile = Main;
				INFOPLIST_KEY_UISupportedInterfaceOrientations_iPad = "UIInterfaceOrientationPortrait UIInterfaceOrientationPortraitUpsideDown UIInterfaceOrientationLandscapeLeft UIInterfaceOrientationLandscapeRight";
				INFOPLIST_KEY_UISupportedInterfaceOrientations_iPhone = "UIInterfaceOrientationPortrait UIInterfaceOrientationLandscapeLeft UIInterfaceOrientationLandscapeRight";
				LD_RUNPATH_SEARCH_PATHS = (
					"$(inherited)",
					"@executable_path/Frameworks",
				);
				MARKETING_VERSION = 1.0;
				PRODUCT_BUNDLE_IDENTIFIER = com.Marquez.crashlyticsDemo;
				PRODUCT_NAME = "$(TARGET_NAME)";
				SWIFT_EMIT_LOC_STRINGS = YES;
				SWIFT_VERSION = 5.0;
				TARGETED_DEVICE_FAMILY = "1,2";
			};
			name = Release;
		};
/* End XCBuildConfiguration section */

/* Begin XCConfigurationList section */
		3DF3EB0529249B5300817A24 /* Build configuration list for PBXProject "crashlyticsDemo" */ = {
			isa = XCConfigurationList;
			buildConfigurations = (
				3DF3EB1C29249B5400817A24 /* Debug */,
				3DF3EB1D29249B5400817A24 /* Release */,
			);
			defaultConfigurationIsVisible = 0;
			defaultConfigurationName = Release;
		};
		3DF3EB1E29249B5400817A24 /* Build configuration list for PBXNativeTarget "crashlyticsDemo" */ = {
			isa = XCConfigurationList;
			buildConfigurations = (
				3DF3EB1F29249B5400817A24 /* Debug */,
				3DF3EB2029249B5400817A24 /* Release */,
			);
			defaultConfigurationIsVisible = 0;
			defaultConfigurationName = Release;
		};
/* End XCConfigurationList section */

/* Begin XCRemoteSwiftPackageReference section */
		3DF3EB232924A40300817A24 /* XCRemoteSwiftPackageReference "firebase-ios-sdk" */ = {
			isa = XCRemoteSwiftPackageReference;
			repositoryURL = "https://github.com/firebase/firebase-ios-sdk";
			requirement = {
				kind = exactVersion;
				version = 9.6.0;
			};
		};
/* End XCRemoteSwiftPackageReference section */

/* Begin XCSwiftPackageProductDependency section */
		3DF3EB242924A40300817A24 /* FirebaseAnalytics */ = {
			isa = XCSwiftPackageProductDependency;
			package = 3DF3EB232924A40300817A24 /* XCRemoteSwiftPackageReference "firebase-ios-sdk" */;
			productName = FirebaseAnalytics;
		};
		3DF3EB262924A40300817A24 /* FirebaseAuth */ = {
			isa = XCSwiftPackageProductDependency;
			package = 3DF3EB232924A40300817A24 /* XCRemoteSwiftPackageReference "firebase-ios-sdk" */;
			productName = FirebaseAuth;
		};
		3DF3EB282924A40300817A24 /* FirebaseCrashlytics */ = {
			isa = XCSwiftPackageProductDependency;
			package = 3DF3EB232924A40300817A24 /* XCRemoteSwiftPackageReference "firebase-ios-sdk" */;
			productName = FirebaseCrashlytics;
		};
/* End XCSwiftPackageProductDependency section */
	};
	rootObject = 3DF3EB0229249B5300817A24 /* Project object */;
}
